
Microsoft Visual Studio Solution File, Format Version 12.00
# Visual Studio Version 16
VisualStudioVersion = 16.0.29613.14
MinimumVisualStudioVersion = 10.0.40219.1
Project("{FAE04EC0-301F-11D3-BF4B-00C04F79EFBC}") = "TicTacToe", "TicTacToe\TicTacToe.csproj", "{C70DD668-4801-4439-8187-07EAF0753E4B}"
EndProject
Global
	GlobalSection(SolutionConfigurationPlatforms) = preSolution
		Debug|Any CPU = Debug|Any CPU
		Release|Any CPU = Release|Any CPU
	EndGlobalSection
	GlobalSection(ProjectConfigurationPlatforms) = postSolution
		{C70DD668-4801-4439-8187-07EAF0753E4B}.Debug|Any CPU.ActiveCfg = Debug|Any CPU
		{C70DD668-4801-4439-8187-07EAF0753E4B}.Debug|Any CPU.Build.0 = Debug|Any CPU
		{C70DD668-4801-4439-8187-07EAF0753E4B}.Release|Any CPU.ActiveCfg = Release|Any CPU
		{C70DD668-4801-4439-8187-07EAF0753E4B}.Release|Any CPU.Build.0 = Release|Any CPU
	EndGlobalSection
	GlobalSection(SolutionProperties) = preSolution
		HideSolutionNode = FALSE
	EndGlobalSection
	GlobalSection(ExtensibilityGlobals) = postSolution
		SolutionGuid = {3E76B4F3-E208-44E5-BCB1-F50EDCDFA988}
	EndGlobalSection
EndGlobal
